
Microsoft Visual Studio Solution File, Format Version 12.00
# Visual Studio Version 17
VisualStudioVersion = 17.0.31903.59
MinimumVisualStudioVersion = 10.0.40219.1
Project("{FAE04EC0-301F-11D3-BF4B-00C04F79EFBC}") = "API", "API\API.csproj", "{15A2F4D2-6757-4C8C-A2AB-F2B47A992A64}"
EndProject
Project("{FAE04EC0-301F-11D3-BF4B-00C04F79EFBC}") = "Application", "Application\Application.csproj", "{4FC89859-58C9-4F84-822D-EF308DB535FB}"
EndProject
Project("{FAE04EC0-301F-11D3-BF4B-00C04F79EFBC}") = "Domain", "Domain\Domain.csproj", "{8BF1AE7D-D4BD-4D31-B72C-22CA85640720}"
EndProject
Project("{FAE04EC0-301F-11D3-BF4B-00C04F79EFBC}") = "Persistence", "Persistence\Persistence.csproj", "{4DF2ED2E-9A28-4A39-A0DE-2B93C8F27A81}"
EndProject
Global
	GlobalSection(SolutionConfigurationPlatforms) = preSolution
		Debug|Any CPU = Debug|Any CPU
		Debug|x64 = Debug|x64
		Debug|x86 = Debug|x86
		Release|Any CPU = Release|Any CPU
		Release|x64 = Release|x64
		Release|x86 = Release|x86
	EndGlobalSection
	GlobalSection(ProjectConfigurationPlatforms) = postSolution
		{15A2F4D2-6757-4C8C-A2AB-F2B47A992A64}.Debug|Any CPU.ActiveCfg = Debug|Any CPU
		{15A2F4D2-6757-4C8C-A2AB-F2B47A992A64}.Debug|Any CPU.Build.0 = Debug|Any CPU
		{15A2F4D2-6757-4C8C-A2AB-F2B47A992A64}.Debug|x64.ActiveCfg = Debug|Any CPU
		{15A2F4D2-6757-4C8C-A2AB-F2B47A992A64}.Debug|x64.Build.0 = Debug|Any CPU
		{15A2F4D2-6757-4C8C-A2AB-F2B47A992A64}.Debug|x86.ActiveCfg = Debug|Any CPU
		{15A2F4D2-6757-4C8C-A2AB-F2B47A992A64}.Debug|x86.Build.0 = Debug|Any CPU
		{15A2F4D2-6757-4C8C-A2AB-F2B47A992A64}.Release|Any CPU.ActiveCfg = Release|Any CPU
		{15A2F4D2-6757-4C8C-A2AB-F2B47A992A64}.Release|Any CPU.Build.0 = Release|Any CPU
		{15A2F4D2-6757-4C8C-A2AB-F2B47A992A64}.Release|x64.ActiveCfg = Release|Any CPU
		{15A2F4D2-6757-4C8C-A2AB-F2B47A992A64}.Release|x64.Build.0 = Release|Any CPU
		{15A2F4D2-6757-4C8C-A2AB-F2B47A992A64}.Release|x86.ActiveCfg = Release|Any CPU
		{15A2F4D2-6757-4C8C-A2AB-F2B47A992A64}.Release|x86.Build.0 = Release|Any CPU
		{4FC89859-58C9-4F84-822D-EF308DB535FB}.Debug|Any CPU.ActiveCfg = Debug|Any CPU
		{4FC89859-58C9-4F84-822D-EF308DB535FB}.Debug|Any CPU.Build.0 = Debug|Any CPU
		{4FC89859-58C9-4F84-822D-EF308DB535FB}.Debug|x64.ActiveCfg = Debug|Any CPU
		{4FC89859-58C9-4F84-822D-EF308DB535FB}.Debug|x64.Build.0 = Debug|Any CPU
		{4FC89859-58C9-4F84-822D-EF308DB535FB}.Debug|x86.ActiveCfg = Debug|Any CPU
		{4FC89859-58C9-4F84-822D-EF308DB535FB}.Debug|x86.Build.0 = Debug|Any CPU
		{4FC89859-58C9-4F84-822D-EF308DB535FB}.Release|Any CPU.ActiveCfg = Release|Any CPU
		{4FC89859-58C9-4F84-822D-EF308DB535FB}.Release|Any CPU.Build.0 = Release|Any CPU
		{4FC89859-58C9-4F84-822D-EF308DB535FB}.Release|x64.ActiveCfg = Release|Any CPU
		{4FC89859-58C9-4F84-822D-EF308DB535FB}.Release|x64.Build.0 = Release|Any CPU
		{4FC89859-58C9-4F84-822D-EF308DB535FB}.Release|x86.ActiveCfg = Release|Any CPU
		{4FC89859-58C9-4F84-822D-EF308DB535FB}.Release|x86.Build.0 = Release|Any CPU
		{8BF1AE7D-D4BD-4D31-B72C-22CA85640720}.Debug|Any CPU.ActiveCfg = Debug|Any CPU
		{8BF1AE7D-D4BD-4D31-B72C-22CA85640720}.Debug|Any CPU.Build.0 = Debug|Any CPU
		{8BF1AE7D-D4BD-4D31-B72C-22CA85640720}.Debug|x64.ActiveCfg = Debug|Any CPU
		{8BF1AE7D-D4BD-4D31-B72C-22CA85640720}.Debug|x64.Build.0 = Debug|Any CPU
		{8BF1AE7D-D4BD-4D31-B72C-22CA85640720}.Debug|x86.ActiveCfg = Debug|Any CPU
		{8BF1AE7D-D4BD-4D31-B72C-22CA85640720}.Debug|x86.Build.0 = Debug|Any CPU
		{8BF1AE7D-D4BD-4D31-B72C-22CA85640720}.Release|Any CPU.ActiveCfg = Release|Any CPU
		{8BF1AE7D-D4BD-4D31-B72C-22CA85640720}.Release|Any CPU.Build.0 = Release|Any CPU
		{8BF1AE7D-D4BD-4D31-B72C-22CA85640720}.Release|x64.ActiveCfg = Release|Any CPU
		{8BF1AE7D-D4BD-4D31-B72C-22CA85640720}.Release|x64.Build.0 = Release|Any CPU
		{8BF1AE7D-D4BD-4D31-B72C-22CA85640720}.Release|x86.ActiveCfg = Release|Any CPU
		{8BF1AE7D-D4BD-4D31-B72C-22CA85640720}.Release|x86.Build.0 = Release|Any CPU
		{4DF2ED2E-9A28-4A39-A0DE-2B93C8F27A81}.Debug|Any CPU.ActiveCfg = Debug|Any CPU
		{4DF2ED2E-9A28-4A39-A0DE-2B93C8F27A81}.Debug|Any CPU.Build.0 = Debug|Any CPU
		{4DF2ED2E-9A28-4A39-A0DE-2B93C8F27A81}.Debug|x64.ActiveCfg = Debug|Any CPU
		{4DF2ED2E-9A28-4A39-A0DE-2B93C8F27A81}.Debug|x64.Build.0 = Debug|Any CPU
		{4DF2ED2E-9A28-4A39-A0DE-2B93C8F27A81}.Debug|x86.ActiveCfg = Debug|Any CPU
		{4DF2ED2E-9A28-4A39-A0DE-2B93C8F27A81}.Debug|x86.Build.0 = Debug|Any CPU
		{4DF2ED2E-9A28-4A39-A0DE-2B93C8F27A81}.Release|Any CPU.ActiveCfg = Release|Any CPU
		{4DF2ED2E-9A28-4A39-A0DE-2B93C8F27A81}.Release|Any CPU.Build.0 = Release|Any CPU
		{4DF2ED2E-9A28-4A39-A0DE-2B93C8F27A81}.Release|x64.ActiveCfg = Release|Any CPU
		{4DF2ED2E-9A28-4A39-A0DE-2B93C8F27A81}.Release|x64.Build.0 = Release|Any CPU
		{4DF2ED2E-9A28-4A39-A0DE-2B93C8F27A81}.Release|x86.ActiveCfg = Release|Any CPU
		{4DF2ED2E-9A28-4A39-A0DE-2B93C8F27A81}.Release|x86.Build.0 = Release|Any CPU
	EndGlobalSection
	GlobalSection(SolutionProperties) = preSolution
		HideSolutionNode = FALSE
	EndGlobalSection
EndGlobal
